{
  "object": {
    "pins": [
      {
        "package": "Alertift",
        "repositoryURL": "https://github.com/sgr-ksmt/Alertift",
        "state": {
          "branch": null,
          "revision": "7b819f97cc6f56247a16f0c92413aaf332810d4a",
          "version": "4.2.0"
        }
      },
      {
        "package": "SnapKit",
        "repositoryURL": "https://github.com/SnapKit/SnapKit.git",
        "state": {
          "branch": null,
          "revision": "d458564516e5676af9c70b4f4b2a9178294f1bc6",
          "version": "5.0.1"
        }
      }
    ]
  },
  "version": 1
}
